
Microsoft Visual Studio Solution File, Format Version 12.00
# Visual Studio 14
VisualStudioVersion = 14.0.25420.1
MinimumVisualStudioVersion = 10.0.40219.1
Project("{2150E333-8FDC-42A3-9474-1A3956D46DE8}") = "Core", "Core", "{7CCC3F69-7683-4631-A95D-880FF18184A6}"
EndProject
Project("{2150E333-8FDC-42A3-9474-1A3956D46DE8}") = "Tests", "Tests", "{C348280B-16A4-4998-B46B-3E0AF8195A27}"
EndProject
Project("{2150E333-8FDC-42A3-9474-1A3956D46DE8}") = "Jobs", "Jobs", "{CBD9E44E-6232-4947-984A-C9CD35E708FC}"
EndProject
Project("{2150E333-8FDC-42A3-9474-1A3956D46DE8}") = "Host", "Host", "{96B0FA89-9A2D-4328-884C-4E318868C320}"
EndProject
Project("{FAE04EC0-301F-11D3-BF4B-00C04F79EFBC}") = "BlueSkynet.Domain", "Core\BlueSkynet.Domain\BlueSkynet.Domain.csproj", "{16F9EC51-6C12-4C55-B17E-B8AAF777C992}"
EndProject
Project("{FAE04EC0-301F-11D3-BF4B-00C04F79EFBC}") = "BlueSkynet.Infrastructure", "BlueSkynet.Infrastructure\BlueSkynet.Infrastructure.csproj", "{74F402A6-5116-4C1C-97E8-1A6A1C605A93}"
EndProject
Project("{FAE04EC0-301F-11D3-BF4B-00C04F79EFBC}") = "BlueSkynet.Domain.Tests", "Tests\BlueSkynet.Domain.Tests\BlueSkynet.Domain.Tests.csproj", "{BBD031F1-CC4B-43C2-9944-CEE9B820D7E6}"
EndProject
Global
	GlobalSection(SolutionConfigurationPlatforms) = preSolution
		Debug|Any CPU = Debug|Any CPU
		Release|Any CPU = Release|Any CPU
	EndGlobalSection
	GlobalSection(ProjectConfigurationPlatforms) = postSolution
		{16F9EC51-6C12-4C55-B17E-B8AAF777C992}.Debug|Any CPU.ActiveCfg = Debug|Any CPU
		{16F9EC51-6C12-4C55-B17E-B8AAF777C992}.Debug|Any CPU.Build.0 = Debug|Any CPU
		{16F9EC51-6C12-4C55-B17E-B8AAF777C992}.Release|Any CPU.ActiveCfg = Release|Any CPU
		{16F9EC51-6C12-4C55-B17E-B8AAF777C992}.Release|Any CPU.Build.0 = Release|Any CPU
		{74F402A6-5116-4C1C-97E8-1A6A1C605A93}.Debug|Any CPU.ActiveCfg = Debug|Any CPU
		{74F402A6-5116-4C1C-97E8-1A6A1C605A93}.Debug|Any CPU.Build.0 = Debug|Any CPU
		{74F402A6-5116-4C1C-97E8-1A6A1C605A93}.Release|Any CPU.ActiveCfg = Release|Any CPU
		{74F402A6-5116-4C1C-97E8-1A6A1C605A93}.Release|Any CPU.Build.0 = Release|Any CPU
		{BBD031F1-CC4B-43C2-9944-CEE9B820D7E6}.Debug|Any CPU.ActiveCfg = Debug|Any CPU
		{BBD031F1-CC4B-43C2-9944-CEE9B820D7E6}.Debug|Any CPU.Build.0 = Debug|Any CPU
		{BBD031F1-CC4B-43C2-9944-CEE9B820D7E6}.Release|Any CPU.ActiveCfg = Release|Any CPU
		{BBD031F1-CC4B-43C2-9944-CEE9B820D7E6}.Release|Any CPU.Build.0 = Release|Any CPU
	EndGlobalSection
	GlobalSection(SolutionProperties) = preSolution
		HideSolutionNode = FALSE
	EndGlobalSection
	GlobalSection(NestedProjects) = preSolution
		{16F9EC51-6C12-4C55-B17E-B8AAF777C992} = {7CCC3F69-7683-4631-A95D-880FF18184A6}
		{74F402A6-5116-4C1C-97E8-1A6A1C605A93} = {7CCC3F69-7683-4631-A95D-880FF18184A6}
		{BBD031F1-CC4B-43C2-9944-CEE9B820D7E6} = {C348280B-16A4-4998-B46B-3E0AF8195A27}
	EndGlobalSection
EndGlobal
